<Solution>
    <Folder Name="/解决方案项/">
        <File Path=".editorconfig" />
        <File Path=".gitattributes" />
        <File Path=".gitignore" />
        <File Path="CHANGELOG.md" />
        <File Path="Directory.Build.props" />
        <File Path="Directory.Packages.props" />
        <File Path="docs/API.md" />
        <File Path="docs/ARCHITECTURE.md" />
        <File Path="docs/PROTOCOL.md" />
        <File Path="global.json" />
        <File Path="justfile" />
        <File Path="LICENSE" />
        <File Path="README.md" />
        <File Path="TODO.md" />
    </Folder>
    <Project Path="BBDown/BBDown.csproj" />
    <Project Path="BBDown.Tests/BBDown.Tests.csproj" />
    <Project Path="BBDown.Core/BBDown.Core.csproj" />
    <Project Path="BBDown.Core.Tests/BBDown.Core.Tests.csproj" />
    <Project Path="BBDown.GUI/BBDown.GUI.csproj" />
</Solution>
